
Microsoft Visual Studio Solution File, Format Version 12.00
# Visual Studio Version 17
VisualStudioVersion = 17.14.36401.2 d17.14
MinimumVisualStudioVersion = 10.0.40219.1
Project("{8BC9CEB8-8B4A-11D0-8D11-00A0C91BC942}") = "add-two", "chapters\ch03-add-two\ch03-add-two.vcxproj", "{EBD4B72F-F3C4-4DA8-A435-AD40260B698E}"
EndProject
Project("{8BC9CEB8-8B4A-11D0-8D11-00A0C91BC942}") = "sum-array", "chapters\ch04-sum-array\ch04-sum-array.vcxproj", "{A4C24F4D-6A68-4C0E-94EF-390CC843F088}"
EndProject
Project("{8BC9CEB8-8B4A-11D0-8D11-00A0C91BC942}") = "revstr", "chapters\ch05-procedures\revstr\revstr.vcxproj", "{C04D55E5-A6D6-4A81-A88C-3BD042F0EE53}"
EndProject
Project("{8BC9CEB8-8B4A-11D0-8D11-00A0C91BC942}") = "test-array-sum", "chapters\ch05-procedures\test-array-sum\test-array-sum.vcxproj", "{98F33546-1980-46B3-A947-1CC254416E52}"
EndProject
Project("{8BC9CEB8-8B4A-11D0-8D11-00A0C91BC942}") = "test-lib-1-input-loop", "chapters\ch05-procedures\test-lib-1-input-loop\test-lib-1-input-loop.vcxproj", "{1D6D7E66-5B30-4F9C-9E31-F13D5C356C18}"
EndProject
Project("{8BC9CEB8-8B4A-11D0-8D11-00A0C91BC942}") = "test-lib-2-random", "chapters\ch05-procedures\test-lib-2-random\test-lib-2-random.vcxproj", "{8B849B49-50C6-4BE8-9CC0-7D11D6D40511}"
EndProject
Project("{8BC9CEB8-8B4A-11D0-8D11-00A0C91BC942}") = "test-lib-3-timing", "chapters\ch05-procedures\test-lib-3-timing\test-lib-3-timing.vcxproj", "{F8BB2F63-54C3-4072-A988-A7AB857F42AF}"
EndProject
Project("{2150E333-8FDC-42A3-9474-1A3956D46DE8}") = "ch03", "ch03", "{4931F88E-B5DD-4B9E-BF81-009078399BB1}"
EndProject
Project("{2150E333-8FDC-42A3-9474-1A3956D46DE8}") = "ch04", "ch04", "{CBF84871-CBA2-4A14-A1E2-7CE826BDCB96}"
EndProject
Project("{2150E333-8FDC-42A3-9474-1A3956D46DE8}") = "ch05-procedures", "ch05-procedures", "{A70BCA55-D602-4507-8A01-D81B53904EB4}"
EndProject
Global
	GlobalSection(SolutionConfigurationPlatforms) = preSolution
		Debug|x64 = Debug|x64
		Debug|Win32 = Debug|Win32
		Release|x64 = Release|x64
		Release|Win32 = Release|Win32
	EndGlobalSection
	GlobalSection(ProjectConfigurationPlatforms) = postSolution
		{EBD4B72F-F3C4-4DA8-A435-AD40260B698E}.Debug|x64.ActiveCfg = Debug|x64
		{EBD4B72F-F3C4-4DA8-A435-AD40260B698E}.Debug|x64.Build.0 = Debug|x64
		{EBD4B72F-F3C4-4DA8-A435-AD40260B698E}.Debug|Win32.ActiveCfg = Debug|Win32
		{EBD4B72F-F3C4-4DA8-A435-AD40260B698E}.Debug|Win32.Build.0 = Debug|Win32
		{EBD4B72F-F3C4-4DA8-A435-AD40260B698E}.Release|x64.ActiveCfg = Release|x64
		{EBD4B72F-F3C4-4DA8-A435-AD40260B698E}.Release|x64.Build.0 = Release|x64
		{EBD4B72F-F3C4-4DA8-A435-AD40260B698E}.Release|Win32.ActiveCfg = Release|Win32
		{EBD4B72F-F3C4-4DA8-A435-AD40260B698E}.Release|Win32.Build.0 = Release|Win32
		{A4C24F4D-6A68-4C0E-94EF-390CC843F088}.Debug|x64.ActiveCfg = Debug|x64
		{A4C24F4D-6A68-4C0E-94EF-390CC843F088}.Debug|x64.Build.0 = Debug|x64
		{A4C24F4D-6A68-4C0E-94EF-390CC843F088}.Debug|Win32.ActiveCfg = Debug|Win32
		{A4C24F4D-6A68-4C0E-94EF-390CC843F088}.Debug|Win32.Build.0 = Debug|Win32
		{A4C24F4D-6A68-4C0E-94EF-390CC843F088}.Release|x64.ActiveCfg = Release|x64
		{A4C24F4D-6A68-4C0E-94EF-390CC843F088}.Release|x64.Build.0 = Release|x64
		{A4C24F4D-6A68-4C0E-94EF-390CC843F088}.Release|Win32.ActiveCfg = Release|Win32
		{A4C24F4D-6A68-4C0E-94EF-390CC843F088}.Release|Win32.Build.0 = Release|Win32
		{C04D55E5-A6D6-4A81-A88C-3BD042F0EE53}.Debug|x64.ActiveCfg = Debug|Win32
		{C04D55E5-A6D6-4A81-A88C-3BD042F0EE53}.Debug|Win32.ActiveCfg = Debug|Win32
		{C04D55E5-A6D6-4A81-A88C-3BD042F0EE53}.Debug|Win32.Build.0 = Debug|Win32
		{C04D55E5-A6D6-4A81-A88C-3BD042F0EE53}.Release|x64.ActiveCfg = Release|Win32
		{C04D55E5-A6D6-4A81-A88C-3BD042F0EE53}.Release|Win32.ActiveCfg = Release|Win32
		{C04D55E5-A6D6-4A81-A88C-3BD042F0EE53}.Release|Win32.Build.0 = Release|Win32
		{98F33546-1980-46B3-A947-1CC254416E52}.Debug|x64.ActiveCfg = Debug|Win32
		{98F33546-1980-46B3-A947-1CC254416E52}.Debug|Win32.ActiveCfg = Debug|Win32
		{98F33546-1980-46B3-A947-1CC254416E52}.Debug|Win32.Build.0 = Debug|Win32
		{98F33546-1980-46B3-A947-1CC254416E52}.Release|x64.ActiveCfg = Release|Win32
		{98F33546-1980-46B3-A947-1CC254416E52}.Release|Win32.ActiveCfg = Release|Win32
		{98F33546-1980-46B3-A947-1CC254416E52}.Release|Win32.Build.0 = Release|Win32
		{1D6D7E66-5B30-4F9C-9E31-F13D5C356C18}.Debug|x64.ActiveCfg = Debug|Win32
		{1D6D7E66-5B30-4F9C-9E31-F13D5C356C18}.Debug|Win32.ActiveCfg = Debug|Win32
		{1D6D7E66-5B30-4F9C-9E31-F13D5C356C18}.Debug|Win32.Build.0 = Debug|Win32
		{1D6D7E66-5B30-4F9C-9E31-F13D5C356C18}.Release|x64.ActiveCfg = Release|Win32
		{1D6D7E66-5B30-4F9C-9E31-F13D5C356C18}.Release|Win32.ActiveCfg = Release|Win32
		{1D6D7E66-5B30-4F9C-9E31-F13D5C356C18}.Release|Win32.Build.0 = Release|Win32
		{8B849B49-50C6-4BE8-9CC0-7D11D6D40511}.Debug|x64.ActiveCfg = Debug|Win32
		{8B849B49-50C6-4BE8-9CC0-7D11D6D40511}.Debug|Win32.ActiveCfg = Debug|Win32
		{8B849B49-50C6-4BE8-9CC0-7D11D6D40511}.Debug|Win32.Build.0 = Debug|Win32
		{8B849B49-50C6-4BE8-9CC0-7D11D6D40511}.Release|x64.ActiveCfg = Release|Win32
		{8B849B49-50C6-4BE8-9CC0-7D11D6D40511}.Release|Win32.ActiveCfg = Release|Win32
		{8B849B49-50C6-4BE8-9CC0-7D11D6D40511}.Release|Win32.Build.0 = Release|Win32
		{F8BB2F63-54C3-4072-A988-A7AB857F42AF}.Debug|x64.ActiveCfg = Debug|Win32
		{F8BB2F63-54C3-4072-A988-A7AB857F42AF}.Debug|Win32.ActiveCfg = Debug|Win32
		{F8BB2F63-54C3-4072-A988-A7AB857F42AF}.Debug|Win32.Build.0 = Debug|Win32
		{F8BB2F63-54C3-4072-A988-A7AB857F42AF}.Release|x64.ActiveCfg = Release|Win32
		{F8BB2F63-54C3-4072-A988-A7AB857F42AF}.Release|Win32.ActiveCfg = Release|Win32
		{F8BB2F63-54C3-4072-A988-A7AB857F42AF}.Release|Win32.Build.0 = Release|Win32
	EndGlobalSection
	GlobalSection(SolutionProperties) = preSolution
		HideSolutionNode = FALSE
	EndGlobalSection
	GlobalSection(NestedProjects) = preSolution
		{EBD4B72F-F3C4-4DA8-A435-AD40260B698E} = {4931F88E-B5DD-4B9E-BF81-009078399BB1}
		{A4C24F4D-6A68-4C0E-94EF-390CC843F088} = {CBF84871-CBA2-4A14-A1E2-7CE826BDCB96}
		{C04D55E5-A6D6-4A81-A88C-3BD042F0EE53} = {A70BCA55-D602-4507-8A01-D81B53904EB4}
		{98F33546-1980-46B3-A947-1CC254416E52} = {A70BCA55-D602-4507-8A01-D81B53904EB4}
		{1D6D7E66-5B30-4F9C-9E31-F13D5C356C18} = {A70BCA55-D602-4507-8A01-D81B53904EB4}
		{8B849B49-50C6-4BE8-9CC0-7D11D6D40511} = {A70BCA55-D602-4507-8A01-D81B53904EB4}
		{F8BB2F63-54C3-4072-A988-A7AB857F42AF} = {A70BCA55-D602-4507-8A01-D81B53904EB4}
	EndGlobalSection
	GlobalSection(ExtensibilityGlobals) = postSolution
		SolutionGuid = {E198A801-3199-4048-8961-B31CDF2CA003}
	EndGlobalSection
EndGlobal
